
Microsoft Visual Studio Solution File, Format Version 12.00
# Visual Studio Version 16
VisualStudioVersion = 16.0.32413.511
MinimumVisualStudioVersion = 10.0.40219.1
Project("{FAE04EC0-301F-11D3-BF4B-00C04F79EFBC}") = "PassKeeper", "PassKeeper\PassKeeper.csproj", "{56647E50-EE66-4D7F-9DE9-869FFBFE8826}"
EndProject
Project("{FAE04EC0-301F-11D3-BF4B-00C04F79EFBC}") = "FormLibList", "FormLibList\FormLibList.csproj", "{4AB1E12B-93EA-4893-B54A-CDC682D8C210}"
EndProject
Global
	GlobalSection(SolutionConfigurationPlatforms) = preSolution
		Debug|Any CPU = Debug|Any CPU
		Release|Any CPU = Release|Any CPU
	EndGlobalSection
	GlobalSection(ProjectConfigurationPlatforms) = postSolution
		{56647E50-EE66-4D7F-9DE9-869FFBFE8826}.Debug|Any CPU.ActiveCfg = Debug|Any CPU
		{56647E50-EE66-4D7F-9DE9-869FFBFE8826}.Debug|Any CPU.Build.0 = Debug|Any CPU
		{56647E50-EE66-4D7F-9DE9-869FFBFE8826}.Release|Any CPU.ActiveCfg = Release|Any CPU
		{56647E50-EE66-4D7F-9DE9-869FFBFE8826}.Release|Any CPU.Build.0 = Release|Any CPU
		{4AB1E12B-93EA-4893-B54A-CDC682D8C210}.Debug|Any CPU.ActiveCfg = Debug|Any CPU
		{4AB1E12B-93EA-4893-B54A-CDC682D8C210}.Debug|Any CPU.Build.0 = Debug|Any CPU
		{4AB1E12B-93EA-4893-B54A-CDC682D8C210}.Release|Any CPU.ActiveCfg = Release|Any CPU
		{4AB1E12B-93EA-4893-B54A-CDC682D8C210}.Release|Any CPU.Build.0 = Release|Any CPU
	EndGlobalSection
	GlobalSection(SolutionProperties) = preSolution
		HideSolutionNode = FALSE
	EndGlobalSection
	GlobalSection(ExtensibilityGlobals) = postSolution
		SolutionGuid = {709C6BAF-7497-4C39-BAFE-4C47BEE22BBD}
	EndGlobalSection
EndGlobal
